
Microsoft Visual Studio Solution File, Format Version 12.00
# Visual Studio 15
VisualStudioVersion = 15.0.28307.539
MinimumVisualStudioVersion = 10.0.40219.1
Project("{FAE04EC0-301F-11D3-BF4B-00C04F79EFBC}") = "apexapp", "apexapp\apexapp.csproj", "{C91AF4A3-DE45-40C2-8B17-E11C3AE77D0E}"
EndProject
Global
	GlobalSection(SolutionConfigurationPlatforms) = preSolution
		Debug|Any CPU = Debug|Any CPU
		Release|Any CPU = Release|Any CPU
	EndGlobalSection
	GlobalSection(ProjectConfigurationPlatforms) = postSolution
		{C91AF4A3-DE45-40C2-8B17-E11C3AE77D0E}.Debug|Any CPU.ActiveCfg = Debug|Any CPU
		{C91AF4A3-DE45-40C2-8B17-E11C3AE77D0E}.Debug|Any CPU.Build.0 = Debug|Any CPU
		{C91AF4A3-DE45-40C2-8B17-E11C3AE77D0E}.Release|Any CPU.ActiveCfg = Release|Any CPU
		{C91AF4A3-DE45-40C2-8B17-E11C3AE77D0E}.Release|Any CPU.Build.0 = Release|Any CPU
	EndGlobalSection
	GlobalSection(SolutionProperties) = preSolution
		HideSolutionNode = FALSE
	EndGlobalSection
	GlobalSection(ExtensibilityGlobals) = postSolution
		SolutionGuid = {5F2D9FDB-2642-4EAD-8768-EDEDFFFF2810}
	EndGlobalSection
EndGlobal
